
Microsoft Visual Studio Solution File, Format Version 12.00
# Visual Studio Version 16
VisualStudioVersion = 16.0.30204.135
MinimumVisualStudioVersion = 10.0.40219.1
Project("{9A19103F-16F7-4668-BE54-9A1E7A4F7556}") = "InputCheck_independ", "InputCheck_independ.csproj", "{4D5CCADA-5DD4-4EF0-BFB6-2F7561ED01E5}"
EndProject
Project("{FAE04EC0-301F-11D3-BF4B-00C04F79EFBC}") = "kazuate", "..\kazuate\kazuate.csproj", "{A8EB8412-474A-458E-94B4-6FA971E0E030}"
EndProject
Project("{FAE04EC0-301F-11D3-BF4B-00C04F79EFBC}") = "InputCheck_Whole", "..\InputCheck_Whole\InputCheck_Whole.csproj", "{473F34D2-24B2-454C-A42F-C7129A4ABC89}"
EndProject
Project("{FAE04EC0-301F-11D3-BF4B-00C04F79EFBC}") = "FileDivide", "..\FileDivide\FileDivide.csproj", "{34FFD913-0AAD-4217-8F5C-A2AB94AB85F8}"
EndProject
Project("{FAE04EC0-301F-11D3-BF4B-00C04F79EFBC}") = "StaticTest", "..\StaticTest\StaticTest.csproj", "{A9757C82-B0CA-4124-97BA-B17174C19E78}"
EndProject
Global
	GlobalSection(SolutionConfigurationPlatforms) = preSolution
		Debug|Any CPU = Debug|Any CPU
		Release|Any CPU = Release|Any CPU
	EndGlobalSection
	GlobalSection(ProjectConfigurationPlatforms) = postSolution
		{4D5CCADA-5DD4-4EF0-BFB6-2F7561ED01E5}.Debug|Any CPU.ActiveCfg = Debug|Any CPU
		{4D5CCADA-5DD4-4EF0-BFB6-2F7561ED01E5}.Debug|Any CPU.Build.0 = Debug|Any CPU
		{4D5CCADA-5DD4-4EF0-BFB6-2F7561ED01E5}.Release|Any CPU.ActiveCfg = Release|Any CPU
		{4D5CCADA-5DD4-4EF0-BFB6-2F7561ED01E5}.Release|Any CPU.Build.0 = Release|Any CPU
		{A8EB8412-474A-458E-94B4-6FA971E0E030}.Debug|Any CPU.ActiveCfg = Debug|Any CPU
		{A8EB8412-474A-458E-94B4-6FA971E0E030}.Debug|Any CPU.Build.0 = Debug|Any CPU
		{A8EB8412-474A-458E-94B4-6FA971E0E030}.Release|Any CPU.ActiveCfg = Release|Any CPU
		{A8EB8412-474A-458E-94B4-6FA971E0E030}.Release|Any CPU.Build.0 = Release|Any CPU
		{473F34D2-24B2-454C-A42F-C7129A4ABC89}.Debug|Any CPU.ActiveCfg = Debug|Any CPU
		{473F34D2-24B2-454C-A42F-C7129A4ABC89}.Debug|Any CPU.Build.0 = Debug|Any CPU
		{473F34D2-24B2-454C-A42F-C7129A4ABC89}.Release|Any CPU.ActiveCfg = Release|Any CPU
		{473F34D2-24B2-454C-A42F-C7129A4ABC89}.Release|Any CPU.Build.0 = Release|Any CPU
		{34FFD913-0AAD-4217-8F5C-A2AB94AB85F8}.Debug|Any CPU.ActiveCfg = Debug|Any CPU
		{34FFD913-0AAD-4217-8F5C-A2AB94AB85F8}.Debug|Any CPU.Build.0 = Debug|Any CPU
		{34FFD913-0AAD-4217-8F5C-A2AB94AB85F8}.Release|Any CPU.ActiveCfg = Release|Any CPU
		{34FFD913-0AAD-4217-8F5C-A2AB94AB85F8}.Release|Any CPU.Build.0 = Release|Any CPU
		{A9757C82-B0CA-4124-97BA-B17174C19E78}.Debug|Any CPU.ActiveCfg = Debug|Any CPU
		{A9757C82-B0CA-4124-97BA-B17174C19E78}.Debug|Any CPU.Build.0 = Debug|Any CPU
		{A9757C82-B0CA-4124-97BA-B17174C19E78}.Release|Any CPU.ActiveCfg = Release|Any CPU
		{A9757C82-B0CA-4124-97BA-B17174C19E78}.Release|Any CPU.Build.0 = Release|Any CPU
	EndGlobalSection
	GlobalSection(SolutionProperties) = preSolution
		HideSolutionNode = FALSE
	EndGlobalSection
	GlobalSection(ExtensibilityGlobals) = postSolution
		SolutionGuid = {EF1F06BE-4594-4DCB-B951-FB89B08DFD44}
	EndGlobalSection
EndGlobal
